{
  "name": "home-zimbru",
  "version": "1.0.0",
  "lockfileVersion": 3,
  "requires": true,
  "packages": {
    "": {
      "name": "home-zimbru",
      "version": "1.0.0",
      "license": "ISC",
      "workspaces": [
        "packages/push-notifications",
        "packages/file-mover"
      ]
    },
    "node_modules/@types/node": {
      "version": "20.4.1",
      "resolved": "https://registry.npmjs.org/@types/node/-/node-20.4.1.tgz",
      "integrity": "sha512-JIzsAvJeA/5iY6Y/OxZbv1lUcc8dNSE77lb2gnBH+/PJ3lFR1Ccvgwl5JWnHAkNHcRsT0TbpVOsiMKZ1F/yyJg==",
      "dev": true
    },
    "node_modules/dotenv": {
      "version": "16.3.1",
      "resolved": "https://registry.npmjs.org/dotenv/-/dotenv-16.3.1.tgz",
      "integrity": "sha512-IPzF4w4/Rd94bA9imS68tZBaYyBWSCE47V1RGuMrB94iyTOIEwRmVL2x/4An+6mETpLrKJ5hQkB8W4kFAadeIQ==",
      "engines": {
        "node": ">=12"
      },
      "funding": {
        "url": "https://github.com/motdotla/dotenv?sponsor=1"
      }
    },
    "node_modules/file-mover": {
      "resolved": "packages/file-mover",
      "link": true
    },
    "node_modules/push-notifications": {
      "resolved": "packages/push-notifications",
      "link": true
    },
    "packages/file-mover": {
      "version": "1.0.0",
      "license": "ISC",
      "dependencies": {
        "dotenv": "^16.3.1"
      },
      "devDependencies": {
        "@types/node": "^20.4.1"
      }
    },
    "packages/push-notifications": {
      "version": "1.0.0",
      "license": "ISC"
    }
  }
}
